
Microsoft Visual Studio Solution File, Format Version 12.00
# Visual Studio 15
VisualStudioVersion = 15.0.28307.168
MinimumVisualStudioVersion = 10.0.40219.1
Project("{FAE04EC0-301F-11D3-BF4B-00C04F79EFBC}") = "Arcanoid", "Arcanoid\Arcanoid.csproj", "{2726091A-93AB-4FE5-98E7-7F1C1F5FE143}"
EndProject
Global
	GlobalSection(SolutionConfigurationPlatforms) = preSolution
		Debug|Any CPU = Debug|Any CPU
		Release|Any CPU = Release|Any CPU
	EndGlobalSection
	GlobalSection(ProjectConfigurationPlatforms) = postSolution
		{2726091A-93AB-4FE5-98E7-7F1C1F5FE143}.Debug|Any CPU.ActiveCfg = Debug|Any CPU
		{2726091A-93AB-4FE5-98E7-7F1C1F5FE143}.Debug|Any CPU.Build.0 = Debug|Any CPU
		{2726091A-93AB-4FE5-98E7-7F1C1F5FE143}.Release|Any CPU.ActiveCfg = Release|Any CPU
		{2726091A-93AB-4FE5-98E7-7F1C1F5FE143}.Release|Any CPU.Build.0 = Release|Any CPU
	EndGlobalSection
	GlobalSection(SolutionProperties) = preSolution
		HideSolutionNode = FALSE
	EndGlobalSection
	GlobalSection(ExtensibilityGlobals) = postSolution
		SolutionGuid = {B8558395-F398-4F42-B831-67816A6FE210}
	EndGlobalSection
EndGlobal
